
Microsoft Visual Studio Solution File, Format Version 12.00
# Visual Studio Version 16
VisualStudioVersion = 16.0.30503.244
MinimumVisualStudioVersion = 10.0.40219.1
Project("{FAE04EC0-301F-11D3-BF4B-00C04F79EFBC}") = "WindowsFormsApp1", "WindowsFormsApp1\WindowsFormsApp1.csproj", "{545E66C4-76EF-433E-96EE-8CB76C54BDEA}"
EndProject
Global
	GlobalSection(SolutionConfigurationPlatforms) = preSolution
		Debug|Any CPU = Debug|Any CPU
		Release|Any CPU = Release|Any CPU
	EndGlobalSection
	GlobalSection(ProjectConfigurationPlatforms) = postSolution
		{545E66C4-76EF-433E-96EE-8CB76C54BDEA}.Debug|Any CPU.ActiveCfg = Debug|Any CPU
		{545E66C4-76EF-433E-96EE-8CB76C54BDEA}.Debug|Any CPU.Build.0 = Debug|Any CPU
		{545E66C4-76EF-433E-96EE-8CB76C54BDEA}.Release|Any CPU.ActiveCfg = Release|Any CPU
		{545E66C4-76EF-433E-96EE-8CB76C54BDEA}.Release|Any CPU.Build.0 = Release|Any CPU
	EndGlobalSection
	GlobalSection(SolutionProperties) = preSolution
		HideSolutionNode = FALSE
	EndGlobalSection
	GlobalSection(ExtensibilityGlobals) = postSolution
		SolutionGuid = {8F76DF3C-A8F6-412D-8B07-7FDC43A91A01}
	EndGlobalSection
EndGlobal
